
Microsoft Visual Studio Solution File, Format Version 12.00
# Visual Studio Version 17
VisualStudioVersion = 17.11.35312.102
MinimumVisualStudioVersion = 10.0.40219.1
Project("{FAE04EC0-301F-11D3-BF4B-00C04F79EFBC}") = "Tool", "Tool.csproj", "{987701FA-3DF1-4B49-9449-FE61B46E42A2}"
EndProject
Global
	GlobalSection(SolutionConfigurationPlatforms) = preSolution
		Debug|Any CPU = Debug|Any CPU
		Release|Any CPU = Release|Any CPU
	EndGlobalSection
	GlobalSection(ProjectConfigurationPlatforms) = postSolution
		{987701FA-3DF1-4B49-9449-FE61B46E42A2}.Debug|Any CPU.ActiveCfg = Debug|Any CPU
		{987701FA-3DF1-4B49-9449-FE61B46E42A2}.Debug|Any CPU.Build.0 = Debug|Any CPU
		{987701FA-3DF1-4B49-9449-FE61B46E42A2}.Release|Any CPU.ActiveCfg = Release|Any CPU
		{987701FA-3DF1-4B49-9449-FE61B46E42A2}.Release|Any CPU.Build.0 = Release|Any CPU
	EndGlobalSection
	GlobalSection(SolutionProperties) = preSolution
		HideSolutionNode = FALSE
	EndGlobalSection
	GlobalSection(ExtensibilityGlobals) = postSolution
		SolutionGuid = {01290243-0843-4CD4-BB91-7A697CF70A0B}
	EndGlobalSection
EndGlobal
