
Microsoft Visual Studio Solution File, Format Version 12.00
# Visual Studio Version 17
VisualStudioVersion = 17.11.35312.102
MinimumVisualStudioVersion = 10.0.40219.1
Project("{FAE04EC0-301F-11D3-BF4B-00C04F79EFBC}") = "BISAYA++", "BISAYA++.csproj", "{A18282A4-051A-4077-B43A-6B4BD60B5ACD}"
EndProject
Global
	GlobalSection(SolutionConfigurationPlatforms) = preSolution
		Debug|Any CPU = Debug|Any CPU
		Release|Any CPU = Release|Any CPU
	EndGlobalSection
	GlobalSection(ProjectConfigurationPlatforms) = postSolution
		{A18282A4-051A-4077-B43A-6B4BD60B5ACD}.Debug|Any CPU.ActiveCfg = Debug|Any CPU
		{A18282A4-051A-4077-B43A-6B4BD60B5ACD}.Debug|Any CPU.Build.0 = Debug|Any CPU
		{A18282A4-051A-4077-B43A-6B4BD60B5ACD}.Release|Any CPU.ActiveCfg = Release|Any CPU
		{A18282A4-051A-4077-B43A-6B4BD60B5ACD}.Release|Any CPU.Build.0 = Release|Any CPU
	EndGlobalSection
	GlobalSection(SolutionProperties) = preSolution
		HideSolutionNode = FALSE
	EndGlobalSection
	GlobalSection(ExtensibilityGlobals) = postSolution
		SolutionGuid = {36A361E5-0B61-43C6-BD8E-A7C9EA4BCCDA}
	EndGlobalSection
EndGlobal
